{
    "_readme": [
        "This file locks the dependencies of your project to a known state",
        "Read more about it at https://getcomposer.org/doc/01-basic-usage.md#installing-dependencies",
        "This file is @generated automatically"
    ],
    "content-hash": "74b00aca11e5b74bf0085ab65247f745",
    "packages": [
        {
            "name": "codedungeon/php-cli-colors",
            "version": "1.12.0",
            "source": {
                "type": "git",
                "url": "https://github.com/mikeerickson/php-cli-colors.git",
                "reference": "cb32f427dc4206a8a2b3d14b7c8ad4fb7c884f75"
            },
            "dist": {
                "type": "zip",
                "url": "https://api.github.com/repos/mikeerickson/php-cli-colors/zipball/cb32f427dc4206a8a2b3d14b7c8ad4fb7c884f75",
                "reference": "cb32f427dc4206a8a2b3d14b7c8ad4fb7c884f75",
                "shasum": ""
            },
            "require-dev": {
                "phpunit/phpunit": ">=5.2"
            },
            "type": "library",
            "autoload": {
                "psr-4": {
                    "Codedungeon\\PHPCliColors\\": "src/"
                }
            },
            "notification-url": "https://packagist.org/downloads/",
            "license": [
                "MIT"
            ],
            "authors": [
                {
                    "name": "Mike Erickson",
                    "email": "codedungeon@gmail.com"
                }
            ],
            "description": "Liven up you PHP Console Apps with standard colors",
            "homepage": "https://github.com/mikeerickson/php-cli-colors",
            "keywords": [
                "color",
                "colors",
                "composer",
                "package",
                "php"
            ],
            "support": {
                "issues": "https://github.com/mikeerickson/php-cli-colors/issues",
                "source": "https://github.com/mikeerickson/php-cli-colors/tree/1.12.0"
            },
            "time": "2020-12-03T21:21:36+00:00"
        },
        {
            "name": "nette/php-generator",
            "version": "v3.5.1",
            "source": {
                "type": "git",
                "url": "https://github.com/nette/php-generator.git",
                "reference": "fe54415cd22d01bee1307a608058bf131978610a"
            },
            "dist": {
                "type": "zip",
                "url": "https://api.github.com/repos/nette/php-generator/zipball/fe54415cd22d01bee1307a608058bf131978610a",
                "reference": "fe54415cd22d01bee1307a608058bf131978610a",
                "shasum": ""
            },
            "require": {
                "nette/utils": "^3.1.2",
                "php": ">=7.1"
            },
            "require-dev": {
                "nette/tester": "^2.0",
                "nikic/php-parser": "^4.4",
                "phpstan/phpstan": "^0.12",
                "tracy/tracy": "^2.3"
            },
            "suggest": {
                "nikic/php-parser": "to use ClassType::withBodiesFrom() & GlobalFunction::withBodyFrom()"
            },
            "type": "library",
            "extra": {
                "branch-alias": {
                    "dev-master": "3.5-dev"
                }
            },
            "autoload": {
                "classmap": [
                    "src/"
                ]
            },
            "notification-url": "https://packagist.org/downloads/",
            "license": [
                "BSD-3-Clause",
                "GPL-2.0-only",
                "GPL-3.0-only"
            ],
            "authors": [
                {
                    "name": "David Grudl",
                    "homepage": "https://davidgrudl.com"
                },
                {
                    "name": "Nette Community",
                    "homepage": "https://nette.org/contributors"
                }
            ],
            "description": "🐘 Nette PHP Generator: generates neat PHP code for you. Supports new PHP 7.4 features.",
            "homepage": "https://nette.org",
            "keywords": [
                "code",
                "nette",
                "php",
                "scaffolding"
            ],
            "support": {
                "issues": "https://github.com/nette/php-generator/issues",
                "source": "https://github.com/nette/php-generator/tree/v3.5.1"
            },
            "time": "2020-11-04T11:26:26+00:00"
        },
        {
            "name": "nette/utils",
            "version": "v3.2.0",
            "source": {
                "type": "git",
                "url": "https://github.com/nette/utils.git",
                "reference": "d0427c1811462dbb6c503143eabe5478b26685f7"
            },
            "dist": {
                "type": "zip",
                "url": "https://api.github.com/repos/nette/utils/zipball/d0427c1811462dbb6c503143eabe5478b26685f7",
                "reference": "d0427c1811462dbb6c503143eabe5478b26685f7",
                "shasum": ""
            },
            "require": {
                "php": ">=7.2 <8.1"
            },
            "conflict": {
                "nette/di": "<3.0.6"
            },
            "require-dev": {
                "nette/tester": "~2.0",
                "phpstan/phpstan": "^0.12",
                "tracy/tracy": "^2.3"
            },
            "suggest": {
                "ext-gd": "to use Image",
                "ext-iconv": "to use Strings::webalize(), toAscii(), chr() and reverse()",
                "ext-intl": "to use Strings::webalize(), toAscii(), normalize() and compare()",
                "ext-json": "to use Nette\\Utils\\Json",
                "ext-mbstring": "to use Strings::lower() etc...",
                "ext-tokenizer": "to use Nette\\Utils\\Reflection::getUseStatements()",
                "ext-xml": "to use Strings::length() etc. when mbstring is not available"
            },
            "type": "library",
            "extra": {
                "branch-alias": {
                    "dev-master": "3.2-dev"
                }
            },
            "autoload": {
                "classmap": [
                    "src/"
                ]
            },
            "notification-url": "https://packagist.org/downloads/",
            "license": [
                "BSD-3-Clause",
                "GPL-2.0-only",
                "GPL-3.0-only"
            ],
            "authors": [
                {
                    "name": "David Grudl",
                    "homepage": "https://davidgrudl.com"
                },
                {
                    "name": "Nette Community",
                    "homepage": "https://nette.org/contributors"
                }
            ],
            "description": "🛠  Nette Utils: lightweight utilities for string & array manipulation, image handling, safe JSON encoding/decoding, validation, slug or strong password generating etc.",
            "homepage": "https://nette.org",
            "keywords": [
                "array",
                "core",
                "datetime",
                "images",
                "json",
                "nette",
                "paginator",
                "password",
                "slugify",
                "string",
                "unicode",
                "utf-8",
                "utility",
                "validation"
            ],
            "support": {
                "issues": "https://github.com/nette/utils/issues",
                "source": "https://github.com/nette/utils/tree/v3.2.0"
            },
            "time": "2020-11-25T23:47:50+00:00"
        }
    ],
    "packages-dev": [],
    "aliases": [],
    "minimum-stability": "stable",
    "stability-flags": [],
    "prefer-stable": false,
    "prefer-lowest": false,
    "platform": [],
    "platform-dev": [],
    "plugin-api-version": "2.0.0"
}
